
Microsoft Visual Studio Solution File, Format Version 12.00
# Visual Studio Version 17
VisualStudioVersion = 17.5.33414.496
MinimumVisualStudioVersion = 10.0.40219.1
Project("{FAE04EC0-301F-11D3-BF4B-00C04F79EFBC}") = "WebApplication1", "WebApplication1\WebApplication1.csproj", "{309C9315-F0BA-457D-976D-F41C2EC1205C}"
EndProject
Global
	GlobalSection(SolutionConfigurationPlatforms) = preSolution
		Debug|Any CPU = Debug|Any CPU
		Release|Any CPU = Release|Any CPU
	EndGlobalSection
	GlobalSection(ProjectConfigurationPlatforms) = postSolution
		{309C9315-F0BA-457D-976D-F41C2EC1205C}.Debug|Any CPU.ActiveCfg = Debug|Any CPU
		{309C9315-F0BA-457D-976D-F41C2EC1205C}.Debug|Any CPU.Build.0 = Debug|Any CPU
		{309C9315-F0BA-457D-976D-F41C2EC1205C}.Release|Any CPU.ActiveCfg = Release|Any CPU
		{309C9315-F0BA-457D-976D-F41C2EC1205C}.Release|Any CPU.Build.0 = Release|Any CPU
	EndGlobalSection
	GlobalSection(SolutionProperties) = preSolution
		HideSolutionNode = FALSE
	EndGlobalSection
	GlobalSection(ExtensibilityGlobals) = postSolution
		SolutionGuid = {613CEF1D-8697-47AA-865C-98653643B4D1}
	EndGlobalSection
EndGlobal
